// !$*UTF8*$!
{
	archiveVersion = 1;
	classes = {
	};
	objectVersion = 46;
	objects = {

/* Begin PBXBuildFile section */
		094CC61D12FF1B8B00D21AA2 /* Icones in Resources */ = {isa = PBXBuildFile; fileRef = 094CC5F912FF1B8B00D21AA2 /* Icones */; };
		0982F90D12FF3D0400A3CD47 /* SubsMgr.icns in Resources */ = {isa = PBXBuildFile; fileRef = 0982F90C12FF3D0400A3CD47 /* SubsMgr.icns */; };
		09D5D3E8131179FA005DCEAC /* libexslt.0.dylib in CopyFiles */ = {isa = PBXBuildFile; fileRef = 09D5D3DE131179F5005DCEAC /* libexslt.0.dylib */; };
		09D5D3E9131179FA005DCEAC /* libiconv.2.dylib in CopyFiles */ = {isa = PBXBuildFile; fileRef = 09D5D3E0131179F5005DCEAC /* libiconv.2.dylib */; };
		09D5D3EA131179FA005DCEAC /* libxml2.2.dylib in CopyFiles */ = {isa = PBXBuildFile; fileRef = 09D5D3E2131179F5005DCEAC /* libxml2.2.dylib */; };
		09D5D3EB131179FA005DCEAC /* libxslt.1.dylib in CopyFiles */ = {isa = PBXBuildFile; fileRef = 09D5D3E4131179F5005DCEAC /* libxslt.1.dylib */; };
		09D5D3EC131179FA005DCEAC /* libz.1.dylib in CopyFiles */ = {isa = PBXBuildFile; fileRef = 09D5D3E6131179F5005DCEAC /* libz.1.dylib */; };
		4DDCA7060ACC9A6100E082CE /* MainMenu.nib in Resources */ = {isa = PBXBuildFile; fileRef = 29B97318FDCFA39411CA2CEA /* MainMenu.nib */; };
		4DDCA7070ACC9A6100E082CE /* InfoPlist.strings in Resources */ = {isa = PBXBuildFile; fileRef = 089C165CFE840E0CC02AAC07 /* InfoPlist.strings */; };
		4DDCA7080ACC9A6100E082CE /* rb_main.rb in Resources */ = {isa = PBXBuildFile; fileRef = E8F5E25803AEB7C803A81C6F /* rb_main.rb */; };
		4DDCA70A0ACC9A6100E082CE /* main.m in Sources */ = {isa = PBXBuildFile; fileRef = 29B97316FDCFA39411CA2CEA /* main.m */; settings = {ATTRIBUTES = (); }; };
		4DDCA70C0ACC9A6100E082CE /* Cocoa.framework in Frameworks */ = {isa = PBXBuildFile; fileRef = 1058C7A1FEA54F0111CA2CBB /* Cocoa.framework */; };
		4DDCA70D0ACC9A6100E082CE /* RubyCocoa.framework in Frameworks */ = {isa = PBXBuildFile; fileRef = E8F5E24E03AEB6EC03A81C6F /* RubyCocoa.framework */; };
		620246F40FB233830044157C /* advancedsettings.png in Resources */ = {isa = PBXBuildFile; fileRef = 620246F30FB233830044157C /* advancedsettings.png */; };
		620246F80FB233B40044157C /* Startup Wizard.png in Resources */ = {isa = PBXBuildFile; fileRef = 620246F70FB233B40044157C /* Startup Wizard.png */; };
		620246FA0FB233C40044157C /* xeyes.png in Resources */ = {isa = PBXBuildFile; fileRef = 620246F90FB233C40044157C /* xeyes.png */; };
		622D82220F349470008F05CD /* SubsMgr.rb in Resources */ = {isa = PBXBuildFile; fileRef = 622D82210F349470008F05CD /* SubsMgr.rb */; };
		623FDF2D0F51B4D0006D7138 /* SM.icns in Resources */ = {isa = PBXBuildFile; fileRef = 623FDF2C0F51B4D0006D7138 /* SM.icns */; };
		62578A54127DBCEF00779F2E /* generator.rb in Resources */ = {isa = PBXBuildFile; fileRef = 62578A51127DBCEF00779F2E /* generator.rb */; };
		62578A55127DBCEF00779F2E /* parser.rb in Resources */ = {isa = PBXBuildFile; fileRef = 62578A52127DBCEF00779F2E /* parser.rb */; };
		62578A56127DBCEF00779F2E /* plist.rb in Resources */ = {isa = PBXBuildFile; fileRef = 62578A53127DBCEF00779F2E /* plist.rb */; };
		62578ADC127DE35C00779F2E /* SubsMgrStats.plist in Resources */ = {isa = PBXBuildFile; fileRef = 62578ADB127DE35C00779F2E /* SubsMgrStats.plist */; };
		62578B22127DF47800779F2E /* SubsMgrPrefs.plist in Resources */ = {isa = PBXBuildFile; fileRef = 62578B21127DF47800779F2E /* SubsMgrPrefs.plist */; };
		62578BFF127F110500779F2E /* Release Notes in Resources */ = {isa = PBXBuildFile; fileRef = 62578BFE127F110500779F2E /* Release Notes */; };
		62997BAB1053D28F0080F479 /* kchart.png in Resources */ = {isa = PBXBuildFile; fileRef = 62997BAA1053D28F0080F479 /* kchart.png */; };
		62997BAD1053D3C60080F479 /* database.png in Resources */ = {isa = PBXBuildFile; fileRef = 62997BAC1053D3C60080F479 /* database.png */; };
		62A6D4FC12FDF6750096C03E /* flag.png in Resources */ = {isa = PBXBuildFile; fileRef = 623FDED40F519351006D7138 /* flag.png */; };
		62AAFA410F69BBF2007F8151 /* QTKit.framework in Frameworks */ = {isa = PBXBuildFile; fileRef = 62AAFA400F69BBF2007F8151 /* QTKit.framework */; };
		62ABEB5613106DE200CA1E9A /* SubsMgrSeries.plist in Resources */ = {isa = PBXBuildFile; fileRef = 62ABEB5513106DE200CA1E9A /* SubsMgrSeries.plist */; };
		62F37E4312BD1DEF00561B37 /* toggle.png in Resources */ = {isa = PBXBuildFile; fileRef = 62F37E4212BD1DEF00561B37 /* toggle.png */; };
/* End PBXBuildFile section */

/* Begin PBXCopyFilesBuildPhase section */
		09D5D3DD13117913005DCEAC /* CopyFiles */ = {
			isa = PBXCopyFilesBuildPhase;
			buildActionMask = 2147483647;
			dstPath = "";
			dstSubfolderSpec = 10;
			files = (
				09D5D3E8131179FA005DCEAC /* libexslt.0.dylib in CopyFiles */,
				09D5D3E9131179FA005DCEAC /* libiconv.2.dylib in CopyFiles */,
				09D5D3EA131179FA005DCEAC /* libxml2.2.dylib in CopyFiles */,
				09D5D3EB131179FA005DCEAC /* libxslt.1.dylib in CopyFiles */,
				09D5D3EC131179FA005DCEAC /* libz.1.dylib in CopyFiles */,
			);
			runOnlyForDeploymentPostprocessing = 0;
		};
/* End PBXCopyFilesBuildPhase section */

/* Begin PBXFileReference section */
		089C165DFE840E0CC02AAC07 /* English */ = {isa = PBXFileReference; comments = "Hello world"; fileEncoding = 10; lastKnownFileType = text.plist.strings; name = English; path = English.lproj/InfoPlist.strings; sourceTree = "<group>"; };
		094CC5F912FF1B8B00D21AA2 /* Icones */ = {isa = PBXFileReference; lastKnownFileType = folder; path = Icones; sourceTree = "<group>"; };
		097F98B312FF167E002F004B /* plugin */ = {isa = PBXFileReference; lastKnownFileType = folder; path = plugin; sourceTree = "<group>"; };
		097F98C012FF1694002F004B /* common */ = {isa = PBXFileReference; lastKnownFileType = folder; path = common; sourceTree = "<group>"; };
		0982F90C12FF3D0400A3CD47 /* SubsMgr.icns */ = {isa = PBXFileReference; lastKnownFileType = image.icns; name = SubsMgr.icns; path = Icones/SubsMgr.icns; sourceTree = "<group>"; };
		09D5D3DE131179F5005DCEAC /* libexslt.0.dylib */ = {isa = PBXFileReference; lastKnownFileType = "compiled.mach-o.dylib"; name = libexslt.0.dylib; path = frameworks/libexslt.0.dylib; sourceTree = "<group>"; };
		09D5D3E0131179F5005DCEAC /* libiconv.2.dylib */ = {isa = PBXFileReference; lastKnownFileType = "compiled.mach-o.dylib"; name = libiconv.2.dylib; path = frameworks/libiconv.2.dylib; sourceTree = "<group>"; };
		09D5D3E2131179F5005DCEAC /* libxml2.2.dylib */ = {isa = PBXFileReference; lastKnownFileType = "compiled.mach-o.dylib"; name = libxml2.2.dylib; path = frameworks/libxml2.2.dylib; sourceTree = "<group>"; };
		09D5D3E4131179F5005DCEAC /* libxslt.1.dylib */ = {isa = PBXFileReference; lastKnownFileType = "compiled.mach-o.dylib"; name = libxslt.1.dylib; path = frameworks/libxslt.1.dylib; sourceTree = "<group>"; };
		09D5D3E6131179F5005DCEAC /* libz.1.dylib */ = {isa = PBXFileReference; lastKnownFileType = "compiled.mach-o.dylib"; name = libz.1.dylib; path = frameworks/libz.1.dylib; sourceTree = "<group>"; };
		09D5D56F13117EBA005DCEAC /* gems */ = {isa = PBXFileReference; lastKnownFileType = folder; name = gems; path = vendor/bundle/ruby/1.8/gems; sourceTree = "<group>"; };
		1058C7A1FEA54F0111CA2CBB /* Cocoa.framework */ = {isa = PBXFileReference; lastKnownFileType = wrapper.framework; name = Cocoa.framework; path = /System/Library/Frameworks/Cocoa.framework; sourceTree = "<absolute>"; };
		29B97316FDCFA39411CA2CEA /* main.m */ = {isa = PBXFileReference; fileEncoding = 30; lastKnownFileType = sourcecode.c.objc; path = main.m; sourceTree = "<group>"; };
		29B97319FDCFA39411CA2CEA /* English */ = {isa = PBXFileReference; lastKnownFileType = wrapper.nib; name = English; path = English.lproj/MainMenu.nib; sourceTree = "<group>"; };
		29B97324FDCFA39411CA2CEA /* AppKit.framework */ = {isa = PBXFileReference; lastKnownFileType = wrapper.framework; name = AppKit.framework; path = /System/Library/Frameworks/AppKit.framework; sourceTree = "<absolute>"; };
		29B97325FDCFA39411CA2CEA /* Foundation.framework */ = {isa = PBXFileReference; lastKnownFileType = wrapper.framework; name = Foundation.framework; path = /System/Library/Frameworks/Foundation.framework; sourceTree = "<absolute>"; };
		4DDCA7110ACC9A6100E082CE /* Info.plist */ = {isa = PBXFileReference; lastKnownFileType = text.plist.xml; path = Info.plist; sourceTree = "<group>"; };
		4DDCA7120ACC9A6100E082CE /* SubsMgr.app */ = {isa = PBXFileReference; explicitFileType = wrapper.application; includeInIndex = 0; path = SubsMgr.app; sourceTree = BUILT_PRODUCTS_DIR; };
		620246F30FB233830044157C /* advancedsettings.png */ = {isa = PBXFileReference; lastKnownFileType = image.png; name = advancedsettings.png; path = Icones/advancedsettings.png; sourceTree = "<group>"; };
		620246F70FB233B40044157C /* Startup Wizard.png */ = {isa = PBXFileReference; lastKnownFileType = image.png; name = "Startup Wizard.png"; path = "Icones/Startup Wizard.png"; sourceTree = "<group>"; };
		620246F90FB233C40044157C /* xeyes.png */ = {isa = PBXFileReference; lastKnownFileType = image.png; name = xeyes.png; path = Icones/xeyes.png; sourceTree = "<group>"; };
		622D82210F349470008F05CD /* SubsMgr.rb */ = {isa = PBXFileReference; fileEncoding = 4; lastKnownFileType = text.script.ruby; path = SubsMgr.rb; sourceTree = "<group>"; };
		623FDED40F519351006D7138 /* flag.png */ = {isa = PBXFileReference; lastKnownFileType = image.png; name = flag.png; path = Icones/flag.png; sourceTree = "<group>"; };
		623FDF2C0F51B4D0006D7138 /* SM.icns */ = {isa = PBXFileReference; lastKnownFileType = image.icns; name = SM.icns; path = Icones/SM.icns; sourceTree = "<group>"; };
		62578A51127DBCEF00779F2E /* generator.rb */ = {isa = PBXFileReference; fileEncoding = 4; lastKnownFileType = text.script.ruby; path = generator.rb; sourceTree = "<group>"; };
		62578A52127DBCEF00779F2E /* parser.rb */ = {isa = PBXFileReference; fileEncoding = 4; lastKnownFileType = text.script.ruby; path = parser.rb; sourceTree = "<group>"; };
		62578A53127DBCEF00779F2E /* plist.rb */ = {isa = PBXFileReference; fileEncoding = 4; lastKnownFileType = text.script.ruby; path = plist.rb; sourceTree = "<group>"; };
		62578ADB127DE35C00779F2E /* SubsMgrStats.plist */ = {isa = PBXFileReference; fileEncoding = 4; lastKnownFileType = text.plist.xml; path = SubsMgrStats.plist; sourceTree = "<group>"; };
		62578B21127DF47800779F2E /* SubsMgrPrefs.plist */ = {isa = PBXFileReference; fileEncoding = 4; lastKnownFileType = text.plist.xml; path = SubsMgrPrefs.plist; sourceTree = "<group>"; };
		62578BFE127F110500779F2E /* Release Notes */ = {isa = PBXFileReference; fileEncoding = 4; lastKnownFileType = text; path = "Release Notes"; sourceTree = "<group>"; };
		62997BAA1053D28F0080F479 /* kchart.png */ = {isa = PBXFileReference; lastKnownFileType = image.png; name = kchart.png; path = Icones/kchart.png; sourceTree = "<group>"; };
		62997BAC1053D3C60080F479 /* database.png */ = {isa = PBXFileReference; lastKnownFileType = image.png; name = database.png; path = Icones/database.png; sourceTree = "<group>"; };
		62AAFA400F69BBF2007F8151 /* QTKit.framework */ = {isa = PBXFileReference; lastKnownFileType = wrapper.framework; name = QTKit.framework; path = /System/Library/Frameworks/QTKit.framework; sourceTree = "<absolute>"; };
		62ABEB5513106DE200CA1E9A /* SubsMgrSeries.plist */ = {isa = PBXFileReference; fileEncoding = 4; lastKnownFileType = text.plist.xml; path = SubsMgrSeries.plist; sourceTree = "<group>"; };
		62F37E4212BD1DEF00561B37 /* toggle.png */ = {isa = PBXFileReference; lastKnownFileType = image.png; name = toggle.png; path = Icones/toggle.png; sourceTree = "<group>"; };
		E8F5E24E03AEB6EC03A81C6F /* RubyCocoa.framework */ = {isa = PBXFileReference; explicitFileType = wrapper.framework; name = RubyCocoa.framework; path = /System/Library/Frameworks/RubyCocoa.framework; sourceTree = "<absolute>"; };
		E8F5E25803AEB7C803A81C6F /* rb_main.rb */ = {isa = PBXFileReference; lastKnownFileType = text.script.ruby; path = rb_main.rb; sourceTree = "<group>"; };
/* End PBXFileReference section */

/* Begin PBXFrameworksBuildPhase section */
		4DDCA70B0ACC9A6100E082CE /* Frameworks */ = {
			isa = PBXFrameworksBuildPhase;
			buildActionMask = 2147483647;
			files = (
				4DDCA70C0ACC9A6100E082CE /* Cocoa.framework in Frameworks */,
				4DDCA70D0ACC9A6100E082CE /* RubyCocoa.framework in Frameworks */,
				62AAFA410F69BBF2007F8151 /* QTKit.framework in Frameworks */,
			);
			runOnlyForDeploymentPostprocessing = 0;
		};
/* End PBXFrameworksBuildPhase section */

/* Begin PBXGroup section */
		080E96DDFE201D6D7F000001 /* Classes */ = {
			isa = PBXGroup;
			children = (
				622D82210F349470008F05CD /* SubsMgr.rb */,
			);
			name = Classes;
			sourceTree = "<group>";
		};
		1058C7A0FEA54F0111CA2CBB /* Linked Frameworks */ = {
			isa = PBXGroup;
			children = (
				62AAFA400F69BBF2007F8151 /* QTKit.framework */,
				1058C7A1FEA54F0111CA2CBB /* Cocoa.framework */,
				E8F5E24E03AEB6EC03A81C6F /* RubyCocoa.framework */,
				09D5D3DE131179F5005DCEAC /* libexslt.0.dylib */,
				09D5D3E0131179F5005DCEAC /* libiconv.2.dylib */,
				09D5D3E2131179F5005DCEAC /* libxml2.2.dylib */,
				09D5D3E4131179F5005DCEAC /* libxslt.1.dylib */,
				09D5D3E6131179F5005DCEAC /* libz.1.dylib */,
			);
			name = "Linked Frameworks";
			sourceTree = "<group>";
		};
		1058C7A2FEA54F0111CA2CBB /* Other Frameworks */ = {
			isa = PBXGroup;
			children = (
				29B97325FDCFA39411CA2CEA /* Foundation.framework */,
				29B97324FDCFA39411CA2CEA /* AppKit.framework */,
			);
			name = "Other Frameworks";
			sourceTree = "<group>";
		};
		19C28FACFE9D520D11CA2CBB /* Products */ = {
			isa = PBXGroup;
			children = (
				4DDCA7120ACC9A6100E082CE /* SubsMgr.app */,
			);
			name = Products;
			sourceTree = "<group>";
		};
		29B97314FDCFA39411CA2CEA /* SubsMgr */ = {
			isa = PBXGroup;
			children = (
				080E96DDFE201D6D7F000001 /* Classes */,
				29B97315FDCFA39411CA2CEA /* Other Sources */,
				29B97317FDCFA39411CA2CEA /* Resources */,
				29B97323FDCFA39411CA2CEA /* Frameworks */,
				19C28FACFE9D520D11CA2CBB /* Products */,
				4DDCA7110ACC9A6100E082CE /* Info.plist */,
			);
			name = SubsMgr;
			sourceTree = "<group>";
		};
		29B97315FDCFA39411CA2CEA /* Other Sources */ = {
			isa = PBXGroup;
			children = (
				09D5D56F13117EBA005DCEAC /* gems */,
				097F98C012FF1694002F004B /* common */,
				097F98B312FF167E002F004B /* plugin */,
				62578A4F127DBCEF00779F2E /* lib */,
				29B97316FDCFA39411CA2CEA /* main.m */,
				E8F5E25803AEB7C803A81C6F /* rb_main.rb */,
			);
			name = "Other Sources";
			sourceTree = "<group>";
		};
		29B97317FDCFA39411CA2CEA /* Resources */ = {
			isa = PBXGroup;
			children = (
				62ABEB5513106DE200CA1E9A /* SubsMgrSeries.plist */,
				0982F90C12FF3D0400A3CD47 /* SubsMgr.icns */,
				094CC5F912FF1B8B00D21AA2 /* Icones */,
				62F37E4212BD1DEF00561B37 /* toggle.png */,
				62578BFE127F110500779F2E /* Release Notes */,
				62578B21127DF47800779F2E /* SubsMgrPrefs.plist */,
				62578ADB127DE35C00779F2E /* SubsMgrStats.plist */,
				62997BAC1053D3C60080F479 /* database.png */,
				62997BAA1053D28F0080F479 /* kchart.png */,
				620246F90FB233C40044157C /* xeyes.png */,
				620246F70FB233B40044157C /* Startup Wizard.png */,
				620246F30FB233830044157C /* advancedsettings.png */,
				623FDF2C0F51B4D0006D7138 /* SM.icns */,
				623FDED40F519351006D7138 /* flag.png */,
				29B97318FDCFA39411CA2CEA /* MainMenu.nib */,
				089C165CFE840E0CC02AAC07 /* InfoPlist.strings */,
			);
			name = Resources;
			sourceTree = "<group>";
		};
		29B97323FDCFA39411CA2CEA /* Frameworks */ = {
			isa = PBXGroup;
			children = (
				1058C7A0FEA54F0111CA2CBB /* Linked Frameworks */,
				1058C7A2FEA54F0111CA2CBB /* Other Frameworks */,
			);
			name = Frameworks;
			sourceTree = "<group>";
		};
		62578A4F127DBCEF00779F2E /* lib */ = {
			isa = PBXGroup;
			children = (
				62578A50127DBCEF00779F2E /* plist */,
				62578A53127DBCEF00779F2E /* plist.rb */,
			);
			path = lib;
			sourceTree = "<group>";
		};
		62578A50127DBCEF00779F2E /* plist */ = {
			isa = PBXGroup;
			children = (
				62578A51127DBCEF00779F2E /* generator.rb */,
				62578A52127DBCEF00779F2E /* parser.rb */,
			);
			path = plist;
			sourceTree = "<group>";
		};
/* End PBXGroup section */

/* Begin PBXHeadersBuildPhase section */
		4DDCA7040ACC9A6100E082CE /* Headers */ = {
			isa = PBXHeadersBuildPhase;
			buildActionMask = 2147483647;
			files = (
			);
			runOnlyForDeploymentPostprocessing = 0;
		};
/* End PBXHeadersBuildPhase section */

/* Begin PBXNativeTarget section */
		4DDCA7030ACC9A6100E082CE /* SubsMgr */ = {
			isa = PBXNativeTarget;
			buildConfigurationList = 4DDCA70E0ACC9A6100E082CE /* Build configuration list for PBXNativeTarget "SubsMgr" */;
			buildPhases = (
				4DDCA7040ACC9A6100E082CE /* Headers */,
				4DDCA7050ACC9A6100E082CE /* Resources */,
				4DDCA7090ACC9A6100E082CE /* Sources */,
				4DDCA70B0ACC9A6100E082CE /* Frameworks */,
				09D5D2DF1311382A005DCEAC /* ShellScript */,
				09D5D3DD13117913005DCEAC /* CopyFiles */,
			);
			buildRules = (
			);
			dependencies = (
			);
			name = SubsMgr;
			productInstallPath = "$(HOME)/Applications";
			productName = SubsMgr;
			productReference = 4DDCA7120ACC9A6100E082CE /* SubsMgr.app */;
			productType = "com.apple.product-type.application";
		};
/* End PBXNativeTarget section */

/* Begin PBXProject section */
		29B97313FDCFA39411CA2CEA /* Project object */ = {
			isa = PBXProject;
			attributes = {
				LastUpgradeCheck = 0430;
			};
			buildConfigurationList = 4D7A7B570ABF745500C2D4C0 /* Build configuration list for PBXProject "SubsMgr" */;
			compatibilityVersion = "Xcode 3.2";
			developmentRegion = English;
			hasScannedForEncodings = 0;
			knownRegions = (
				English,
				Japanese,
				French,
				German,
			);
			mainGroup = 29B97314FDCFA39411CA2CEA /* SubsMgr */;
			projectDirPath = "";
			projectRoot = "";
			targets = (
				4DDCA7030ACC9A6100E082CE /* SubsMgr */,
			);
		};
/* End PBXProject section */

/* Begin PBXResourcesBuildPhase section */
		4DDCA7050ACC9A6100E082CE /* Resources */ = {
			isa = PBXResourcesBuildPhase;
			buildActionMask = 2147483647;
			files = (
				4DDCA7060ACC9A6100E082CE /* MainMenu.nib in Resources */,
				4DDCA7070ACC9A6100E082CE /* InfoPlist.strings in Resources */,
				4DDCA7080ACC9A6100E082CE /* rb_main.rb in Resources */,
				622D82220F349470008F05CD /* SubsMgr.rb in Resources */,
				623FDF2D0F51B4D0006D7138 /* SM.icns in Resources */,
				620246F40FB233830044157C /* advancedsettings.png in Resources */,
				620246F80FB233B40044157C /* Startup Wizard.png in Resources */,
				620246FA0FB233C40044157C /* xeyes.png in Resources */,
				62997BAB1053D28F0080F479 /* kchart.png in Resources */,
				62997BAD1053D3C60080F479 /* database.png in Resources */,
				62578A54127DBCEF00779F2E /* generator.rb in Resources */,
				62578A55127DBCEF00779F2E /* parser.rb in Resources */,
				62578A56127DBCEF00779F2E /* plist.rb in Resources */,
				62578ADC127DE35C00779F2E /* SubsMgrStats.plist in Resources */,
				62578B22127DF47800779F2E /* SubsMgrPrefs.plist in Resources */,
				62578BFF127F110500779F2E /* Release Notes in Resources */,
				62F37E4312BD1DEF00561B37 /* toggle.png in Resources */,
				62A6D4FC12FDF6750096C03E /* flag.png in Resources */,
				094CC61D12FF1B8B00D21AA2 /* Icones in Resources */,
				0982F90D12FF3D0400A3CD47 /* SubsMgr.icns in Resources */,
				62ABEB5613106DE200CA1E9A /* SubsMgrSeries.plist in Resources */,
			);
			runOnlyForDeploymentPostprocessing = 0;
		};
/* End PBXResourcesBuildPhase section */

/* Begin PBXShellScriptBuildPhase section */
		09D5D2DF1311382A005DCEAC /* ShellScript */ = {
			isa = PBXShellScriptBuildPhase;
			buildActionMask = 2147483647;
			files = (
			);
			inputPaths = (
			);
			outputPaths = (
			);
			runOnlyForDeploymentPostprocessing = 0;
			shellPath = /bin/sh;
			shellScript = "echo \"copy external files\"\ncp -r ${SRCROOT}/vendor ${TARGET_BUILD_DIR}/${TARGET_NAME}.app/Contents/Resources\ncp -r ${SRCROOT}/plugin ${TARGET_BUILD_DIR}/${TARGET_NAME}.app/Contents/Resources\ncp -r ${SRCROOT}/common ${TARGET_BUILD_DIR}/${TARGET_NAME}.app/Contents/Resources\n";
		};
/* End PBXShellScriptBuildPhase section */

/* Begin PBXSourcesBuildPhase section */
		4DDCA7090ACC9A6100E082CE /* Sources */ = {
			isa = PBXSourcesBuildPhase;
			buildActionMask = 2147483647;
			files = (
				4DDCA70A0ACC9A6100E082CE /* main.m in Sources */,
			);
			runOnlyForDeploymentPostprocessing = 0;
		};
/* End PBXSourcesBuildPhase section */

/* Begin PBXVariantGroup section */
		089C165CFE840E0CC02AAC07 /* InfoPlist.strings */ = {
			isa = PBXVariantGroup;
			children = (
				089C165DFE840E0CC02AAC07 /* English */,
			);
			name = InfoPlist.strings;
			sourceTree = "<group>";
		};
		29B97318FDCFA39411CA2CEA /* MainMenu.nib */ = {
			isa = PBXVariantGroup;
			children = (
				29B97319FDCFA39411CA2CEA /* English */,
			);
			name = MainMenu.nib;
			sourceTree = "<group>";
		};
/* End PBXVariantGroup section */

/* Begin XCBuildConfiguration section */
		4D7A7B580ABF745500C2D4C0 /* Debug */ = {
			isa = XCBuildConfiguration;
			buildSettings = {
				ARCHS = "$(ARCHS_STANDARD_32_64_BIT)";
				GCC_WARN_ABOUT_RETURN_TYPE = YES;
				GCC_WARN_UNUSED_VARIABLE = YES;
				SDKROOT = macosx;
				VALID_ARCHS = "i386 x86_64";
			};
			name = Debug;
		};
		4D7A7B590ABF745500C2D4C0 /* Release */ = {
			isa = XCBuildConfiguration;
			buildSettings = {
				ARCHS = "$(ARCHS_STANDARD_32_64_BIT)";
				DEBUG_INFORMATION_FORMAT = "dwarf-with-dsym";
				GCC_WARN_ABOUT_RETURN_TYPE = YES;
				GCC_WARN_UNUSED_VARIABLE = YES;
				SDKROOT = macosx;
				VALID_ARCHS = "i386 x86_64";
			};
			name = Release;
		};
		4DDCA70F0ACC9A6100E082CE /* Debug */ = {
			isa = XCBuildConfiguration;
			buildSettings = {
				COPY_PHASE_STRIP = NO;
				GCC_DYNAMIC_NO_PIC = NO;
				GCC_MODEL_TUNING = G5;
				GCC_OPTIMIZATION_LEVEL = 0;
				INFOPLIST_FILE = Info.plist;
				INSTALL_PATH = "$(HOME)/Applications";
				LIBRARY_SEARCH_PATHS = (
					"$(inherited)",
					"\"$(SRCROOT)/frameworks\"",
				);
				ONLY_ACTIVE_ARCH = YES;
				PRODUCT_NAME = SubsMgr;
				WRAPPER_EXTENSION = app;
				ZERO_LINK = YES;
			};
			name = Debug;
		};
		4DDCA7100ACC9A6100E082CE /* Release */ = {
			isa = XCBuildConfiguration;
			buildSettings = {
				ARCHS = "$(ARCHS_STANDARD_32_64_BIT)";
				GCC_MODEL_TUNING = G5;
				INFOPLIST_FILE = Info.plist;
				INSTALL_PATH = "$(HOME)/Applications";
				LIBRARY_SEARCH_PATHS = (
					"$(inherited)",
					"\"$(SRCROOT)/frameworks\"",
				);
				ONLY_ACTIVE_ARCH = YES;
				PRODUCT_NAME = SubsMgr;
				VALID_ARCHS = "i386 x86_64";
				WRAPPER_EXTENSION = app;
			};
			name = Release;
		};
/* End XCBuildConfiguration section */

/* Begin XCConfigurationList section */
		4D7A7B570ABF745500C2D4C0 /* Build configuration list for PBXProject "SubsMgr" */ = {
			isa = XCConfigurationList;
			buildConfigurations = (
				4D7A7B580ABF745500C2D4C0 /* Debug */,
				4D7A7B590ABF745500C2D4C0 /* Release */,
			);
			defaultConfigurationIsVisible = 0;
			defaultConfigurationName = Release;
		};
		4DDCA70E0ACC9A6100E082CE /* Build configuration list for PBXNativeTarget "SubsMgr" */ = {
			isa = XCConfigurationList;
			buildConfigurations = (
				4DDCA70F0ACC9A6100E082CE /* Debug */,
				4DDCA7100ACC9A6100E082CE /* Release */,
			);
			defaultConfigurationIsVisible = 0;
			defaultConfigurationName = Release;
		};
/* End XCConfigurationList section */
	};
	rootObject = 29B97313FDCFA39411CA2CEA /* Project object */;
}
